
Microsoft Visual Studio Solution File, Format Version 12.00
# Visual Studio Version 17
VisualStudioVersion = 17.7.34018.315
MinimumVisualStudioVersion = 10.0.40219.1
Project("{FAE04EC0-301F-11D3-BF4B-00C04F79EFBC}") = "UdpClient", "UdpClient.csproj", "{33B7BE6A-8966-4198-81BE-8E685017672B}"
EndProject
Global
	GlobalSection(SolutionConfigurationPlatforms) = preSolution
		Debug|Any CPU = Debug|Any CPU
		Release|Any CPU = Release|Any CPU
	EndGlobalSection
	GlobalSection(ProjectConfigurationPlatforms) = postSolution
		{33B7BE6A-8966-4198-81BE-8E685017672B}.Debug|Any CPU.ActiveCfg = Debug|Any CPU
		{33B7BE6A-8966-4198-81BE-8E685017672B}.Debug|Any CPU.Build.0 = Debug|Any CPU
		{33B7BE6A-8966-4198-81BE-8E685017672B}.Release|Any CPU.ActiveCfg = Release|Any CPU
		{33B7BE6A-8966-4198-81BE-8E685017672B}.Release|Any CPU.Build.0 = Release|Any CPU
	EndGlobalSection
	GlobalSection(SolutionProperties) = preSolution
		HideSolutionNode = FALSE
	EndGlobalSection
	GlobalSection(ExtensibilityGlobals) = postSolution
		SolutionGuid = {57680A3C-C187-4EDD-9CCD-84DE0C5D6623}
	EndGlobalSection
EndGlobal
